<?xml version="1.0" encoding="UTF-8" standalone="yes" ?>
<CodeBlocks_project_file>
	<FileVersion major="1" minor="6" />
	<Project>
		<Option title="E:\testarea\artrix" />
		<Option makefile="makefile" />
		<Option makefile_is_custom="1" />
		<Option pch_mode="2" />
		<Option compiler="gcc" />
		<Build>
			<Target title="Debug">
				<Option output="\\bin\Debug\E\testarea\artrix" prefix_auto="1" extension_auto="1" />
				<Option object_output="obj/Debug/" />
				<Option type="1" />
				<Option compiler="gcc" />
				<Compiler>
					<Add option="-g" />
				</Compiler>
			</Target>
			<Target title="Release">
				<Option output="\\bin\Release\E\testarea\artrix" prefix_auto="1" extension_auto="1" />
				<Option object_output="obj/Release/" />
				<Option type="1" />
				<Option compiler="gcc" />
				<Compiler>
					<Add option="-O2" />
				</Compiler>
				<Linker>
					<Add option="-s" />
				</Linker>
			</Target>
		</Build>
		<Compiler>
			<Add option="-Wall" />
		</Compiler>
		<Unit filename="apps/template_android_google/AGK2Template/src/main/jni/Android.mk" />
		<Unit filename="apps/template_android_google/AGK2Template/src/main/jni/Application.mk" />
		<Unit filename="apps/template_android_google/AGK2Template/src/main/jni/ButtonWidget.cpp" />
		<Unit filename="apps/template_android_google/AGK2Template/src/main/jni/ButtonWidget.h" />
		<Unit filename="apps/template_android_google/AGK2Template/src/main/jni/CompositeWidget.cpp" />
		<Unit filename="apps/template_android_google/AGK2Template/src/main/jni/CompositeWidget.h" />
		<Unit filename="apps/template_android_google/AGK2Template/src/main/jni/Core.cpp" />
		<Unit filename="apps/template_android_google/AGK2Template/src/main/jni/LeafWidget.cpp" />
		<Unit filename="apps/template_android_google/AGK2Template/src/main/jni/LeafWidget.h" />
		<Unit filename="apps/template_android_google/AGK2Template/src/main/jni/MainMenuWidget.cpp" />
		<Unit filename="apps/template_android_google/AGK2Template/src/main/jni/MainMenuWidget.h" />
		<Unit filename="apps/template_android_google/AGK2Template/src/main/jni/Vector2.cpp" />
		<Unit filename="apps/template_android_google/AGK2Template/src/main/jni/Vector2.h" />
		<Unit filename="apps/template_android_google/AGK2Template/src/main/jni/artrix.cpp" />
		<Unit filename="apps/template_android_google/AGK2Template/src/main/jni/artrix.h" />
		<Unit filename="apps/template_android_google/AGK2Template/src/main/jni/main.c">
			<Option compilerVar="CC" />
		</Unit>
		<Unit filename="apps/template_android_google/AGK2Template/src/main/jni/screen.cpp" />
		<Unit filename="apps/template_android_google/AGK2Template/src/main/jni/screen.h" />
		<Unit filename="apps/template_android_google/AGK2Template/src/main/jni/state.cpp" />
		<Unit filename="apps/template_android_google/AGK2Template/src/main/jni/state.h" />
		<Unit filename="apps/template_android_google/AGK2Template/src/main/jni/statemachine.cpp" />
		<Unit filename="apps/template_android_google/AGK2Template/src/main/jni/statemachine.h" />
		<Unit filename="apps/template_android_google/AGK2Template/src/main/jni/statemanager.cpp" />
		<Unit filename="apps/template_android_google/AGK2Template/src/main/jni/statemanager.h" />
		<Unit filename="apps/template_android_google/AGK2Template/src/main/jni/template.cpp" />
		<Unit filename="apps/template_android_google/AGK2Template/src/main/jni/template.h" />
		<Unit filename="apps/template_android_google/AGK2Template/src/main/jni/widget.cpp" />
		<Unit filename="apps/template_android_google/AGK2Template/src/main/jni/widget.h" />
		<Extensions>
			<code_completion />
			<envvars />
			<debugger />
			<lib_finder disable_auto="1" />
		</Extensions>
	</Project>
</CodeBlocks_project_file>
